
Microsoft Visual Studio Solution File, Format Version 12.00
# Visual Studio Version 16
VisualStudioVersion = 16.0.30320.27
MinimumVisualStudioVersion = 10.0.40219.1
Project("{FAE04EC0-301F-11D3-BF4B-00C04F79EFBC}") = "AppCalc.Android", "AppCalc.Android\AppCalc.Android.csproj", "{13638045-7C9D-408C-8781-5BE540410566}"
EndProject
Project("{FAE04EC0-301F-11D3-BF4B-00C04F79EFBC}") = "AppCalc.iOS", "AppCalc.iOS\AppCalc.iOS.csproj", "{28699B26-965C-4AF7-9FF5-55191FD73B47}"
EndProject
Project("{FAE04EC0-301F-11D3-BF4B-00C04F79EFBC}") = "AppCalc", "AppCalc\AppCalc.csproj", "{740BD7D5-2DB7-4989-9EC6-5907A87D21E6}"
EndProject
Global
	GlobalSection(SolutionConfigurationPlatforms) = preSolution
		Debug|Any CPU = Debug|Any CPU
		Debug|iPhone = Debug|iPhone
		Debug|iPhoneSimulator = Debug|iPhoneSimulator
		Release|Any CPU = Release|Any CPU
		Release|iPhone = Release|iPhone
		Release|iPhoneSimulator = Release|iPhoneSimulator
	EndGlobalSection
	GlobalSection(ProjectConfigurationPlatforms) = postSolution
		{13638045-7C9D-408C-8781-5BE540410566}.Debug|Any CPU.ActiveCfg = Debug|Any CPU
		{13638045-7C9D-408C-8781-5BE540410566}.Debug|Any CPU.Build.0 = Debug|Any CPU
		{13638045-7C9D-408C-8781-5BE540410566}.Debug|Any CPU.Deploy.0 = Debug|Any CPU
		{13638045-7C9D-408C-8781-5BE540410566}.Debug|iPhone.ActiveCfg = Debug|Any CPU
		{13638045-7C9D-408C-8781-5BE540410566}.Debug|iPhone.Build.0 = Debug|Any CPU
		{13638045-7C9D-408C-8781-5BE540410566}.Debug|iPhone.Deploy.0 = Debug|Any CPU
		{13638045-7C9D-408C-8781-5BE540410566}.Debug|iPhoneSimulator.ActiveCfg = Debug|Any CPU
		{13638045-7C9D-408C-8781-5BE540410566}.Debug|iPhoneSimulator.Build.0 = Debug|Any CPU
		{13638045-7C9D-408C-8781-5BE540410566}.Debug|iPhoneSimulator.Deploy.0 = Debug|Any CPU
		{13638045-7C9D-408C-8781-5BE540410566}.Release|Any CPU.ActiveCfg = Release|Any CPU
		{13638045-7C9D-408C-8781-5BE540410566}.Release|Any CPU.Build.0 = Release|Any CPU
		{13638045-7C9D-408C-8781-5BE540410566}.Release|Any CPU.Deploy.0 = Release|Any CPU
		{13638045-7C9D-408C-8781-5BE540410566}.Release|iPhone.ActiveCfg = Release|Any CPU
		{13638045-7C9D-408C-8781-5BE540410566}.Release|iPhone.Build.0 = Release|Any CPU
		{13638045-7C9D-408C-8781-5BE540410566}.Release|iPhone.Deploy.0 = Release|Any CPU
		{13638045-7C9D-408C-8781-5BE540410566}.Release|iPhoneSimulator.ActiveCfg = Release|Any CPU
		{13638045-7C9D-408C-8781-5BE540410566}.Release|iPhoneSimulator.Build.0 = Release|Any CPU
		{13638045-7C9D-408C-8781-5BE540410566}.Release|iPhoneSimulator.Deploy.0 = Release|Any CPU
		{28699B26-965C-4AF7-9FF5-55191FD73B47}.Debug|Any CPU.ActiveCfg = Debug|iPhone
		{28699B26-965C-4AF7-9FF5-55191FD73B47}.Debug|Any CPU.Build.0 = Debug|iPhone
		{28699B26-965C-4AF7-9FF5-55191FD73B47}.Debug|Any CPU.Deploy.0 = Debug|iPhone
		{28699B26-965C-4AF7-9FF5-55191FD73B47}.Debug|iPhone.ActiveCfg = Debug|iPhone
		{28699B26-965C-4AF7-9FF5-55191FD73B47}.Debug|iPhone.Build.0 = Debug|iPhone
		{28699B26-965C-4AF7-9FF5-55191FD73B47}.Debug|iPhone.Deploy.0 = Debug|iPhone
		{28699B26-965C-4AF7-9FF5-55191FD73B47}.Debug|iPhoneSimulator.ActiveCfg = Debug|iPhoneSimulator
		{28699B26-965C-4AF7-9FF5-55191FD73B47}.Debug|iPhoneSimulator.Build.0 = Debug|iPhoneSimulator
		{28699B26-965C-4AF7-9FF5-55191FD73B47}.Debug|iPhoneSimulator.Deploy.0 = Debug|iPhoneSimulator
		{28699B26-965C-4AF7-9FF5-55191FD73B47}.Release|Any CPU.ActiveCfg = Release|iPhone
		{28699B26-965C-4AF7-9FF5-55191FD73B47}.Release|Any CPU.Build.0 = Release|iPhone
		{28699B26-965C-4AF7-9FF5-55191FD73B47}.Release|Any CPU.Deploy.0 = Release|iPhone
		{28699B26-965C-4AF7-9FF5-55191FD73B47}.Release|iPhone.ActiveCfg = Release|iPhone
		{28699B26-965C-4AF7-9FF5-55191FD73B47}.Release|iPhone.Build.0 = Release|iPhone
		{28699B26-965C-4AF7-9FF5-55191FD73B47}.Release|iPhone.Deploy.0 = Release|iPhone
		{28699B26-965C-4AF7-9FF5-55191FD73B47}.Release|iPhoneSimulator.ActiveCfg = Release|iPhoneSimulator
		{28699B26-965C-4AF7-9FF5-55191FD73B47}.Release|iPhoneSimulator.Build.0 = Release|iPhoneSimulator
		{28699B26-965C-4AF7-9FF5-55191FD73B47}.Release|iPhoneSimulator.Deploy.0 = Release|iPhoneSimulator
		{740BD7D5-2DB7-4989-9EC6-5907A87D21E6}.Debug|Any CPU.ActiveCfg = Debug|Any CPU
		{740BD7D5-2DB7-4989-9EC6-5907A87D21E6}.Debug|Any CPU.Build.0 = Debug|Any CPU
		{740BD7D5-2DB7-4989-9EC6-5907A87D21E6}.Debug|Any CPU.Deploy.0 = Debug|Any CPU
		{740BD7D5-2DB7-4989-9EC6-5907A87D21E6}.Debug|iPhone.ActiveCfg = Debug|Any CPU
		{740BD7D5-2DB7-4989-9EC6-5907A87D21E6}.Debug|iPhone.Build.0 = Debug|Any CPU
		{740BD7D5-2DB7-4989-9EC6-5907A87D21E6}.Debug|iPhone.Deploy.0 = Debug|Any CPU
		{740BD7D5-2DB7-4989-9EC6-5907A87D21E6}.Debug|iPhoneSimulator.ActiveCfg = Debug|Any CPU
		{740BD7D5-2DB7-4989-9EC6-5907A87D21E6}.Debug|iPhoneSimulator.Build.0 = Debug|Any CPU
		{740BD7D5-2DB7-4989-9EC6-5907A87D21E6}.Debug|iPhoneSimulator.Deploy.0 = Debug|Any CPU
		{740BD7D5-2DB7-4989-9EC6-5907A87D21E6}.Release|Any CPU.ActiveCfg = Release|Any CPU
		{740BD7D5-2DB7-4989-9EC6-5907A87D21E6}.Release|Any CPU.Build.0 = Release|Any CPU
		{740BD7D5-2DB7-4989-9EC6-5907A87D21E6}.Release|Any CPU.Deploy.0 = Release|Any CPU
		{740BD7D5-2DB7-4989-9EC6-5907A87D21E6}.Release|iPhone.ActiveCfg = Release|Any CPU
		{740BD7D5-2DB7-4989-9EC6-5907A87D21E6}.Release|iPhone.Build.0 = Release|Any CPU
		{740BD7D5-2DB7-4989-9EC6-5907A87D21E6}.Release|iPhone.Deploy.0 = Release|Any CPU
		{740BD7D5-2DB7-4989-9EC6-5907A87D21E6}.Release|iPhoneSimulator.ActiveCfg = Release|Any CPU
		{740BD7D5-2DB7-4989-9EC6-5907A87D21E6}.Release|iPhoneSimulator.Build.0 = Release|Any CPU
		{740BD7D5-2DB7-4989-9EC6-5907A87D21E6}.Release|iPhoneSimulator.Deploy.0 = Release|Any CPU
	EndGlobalSection
	GlobalSection(SolutionProperties) = preSolution
		HideSolutionNode = FALSE
	EndGlobalSection
	GlobalSection(ExtensibilityGlobals) = postSolution
		SolutionGuid = {04FEFE07-421A-4236-B4A5-D3E814293C54}
	EndGlobalSection
EndGlobal
